# THIS IS AN AUTOGENERATED FILE. DO NOT EDIT THIS FILE DIRECTLY.
# yarn lockfile v1


react-native-safe-area-context@^5.10.0:
  version "5.10.0"
  resolved "https://registry.yarnpkg.com/react-native-safe-area-context/-/react-native-safe-area-context-5.10.0.tgz#3576391a6dcbf51a73f184438e6542ef56a86cc1"
  integrity sha512-U655+G0KItefqpTKZenr0aBNulY/49TUKSZkWGVtESlFK5qmML7BejQjPDCRU+GzC24g2KeWFJguWP5LR52dqA==
